
Microsoft Visual Studio Solution File, Format Version 12.00
# Visual Studio 15
VisualStudioVersion = 15.0.26228.9
MinimumVisualStudioVersion = 10.0.40219.1
Project("{FAE04EC0-301F-11D3-BF4B-00C04F79EFBC}") = "IdiotGraphics", "IdiotGraphics\IdiotGraphics.csproj", "{B69EB734-EAF8-4C70-BDD2-4226658A1479}"
EndProject
Project("{FAE04EC0-301F-11D3-BF4B-00C04F79EFBC}") = "IdiotGraphics.Example", "IdiotGraphics.Example\IdiotGraphics.Example.csproj", "{AC13CE54-53A4-4D12-9EAF-F50A1FB975BF}"
EndProject
Global
	GlobalSection(SolutionConfigurationPlatforms) = preSolution
		Debug|Any CPU = Debug|Any CPU
		Release|Any CPU = Release|Any CPU
	EndGlobalSection
	GlobalSection(ProjectConfigurationPlatforms) = postSolution
		{B69EB734-EAF8-4C70-BDD2-4226658A1479}.Debug|Any CPU.ActiveCfg = Debug|Any CPU
		{B69EB734-EAF8-4C70-BDD2-4226658A1479}.Debug|Any CPU.Build.0 = Debug|Any CPU
		{B69EB734-EAF8-4C70-BDD2-4226658A1479}.Release|Any CPU.ActiveCfg = Release|Any CPU
		{B69EB734-EAF8-4C70-BDD2-4226658A1479}.Release|Any CPU.Build.0 = Release|Any CPU
		{AC13CE54-53A4-4D12-9EAF-F50A1FB975BF}.Debug|Any CPU.ActiveCfg = Debug|Any CPU
		{AC13CE54-53A4-4D12-9EAF-F50A1FB975BF}.Debug|Any CPU.Build.0 = Debug|Any CPU
		{AC13CE54-53A4-4D12-9EAF-F50A1FB975BF}.Release|Any CPU.ActiveCfg = Release|Any CPU
		{AC13CE54-53A4-4D12-9EAF-F50A1FB975BF}.Release|Any CPU.Build.0 = Release|Any CPU
	EndGlobalSection
	GlobalSection(SolutionProperties) = preSolution
		HideSolutionNode = FALSE
	EndGlobalSection
EndGlobal
